{
  "name": "webclient",
  "version": "1.0.0",
  "lockfileVersion": 1,
  "requires": true,
  "dependencies": {
    "lodash": {
      "version": "4.17.11",
      "resolved": "https://registry.npmjs.org/lodash/-/lodash-4.17.11.tgz",
      "integrity": "sha512-cQKh8igo5QUhZ7lg38DYWAxMvjSAKG0A8wGSVimP07SIUEK2UO+arSRKbRZWtelMtN5V0Hkwh5ryOto/SshYIg=="
    },
    "promjs": {
      "version": "0.4.0",
      "resolved": "https://registry.npmjs.org/promjs/-/promjs-0.4.0.tgz",
      "integrity": "sha512-HqpT9m9U+QCEqAiJ504FfJKEP0sS/gpdFEjeJjR33POIDINGtp1HDoABP3+9K239JHw9Sk8F4FmkEIRuisSGhQ==",
      "requires": {
        "lodash": "^4.17.4"
      }
    }
  }
}
